
Microsoft Visual Studio Solution File, Format Version 12.00
# Visual Studio Version 17
VisualStudioVersion = 17.6.33801.468
MinimumVisualStudioVersion = 10.0.40219.1
Project("{9A19103F-16F7-4668-BE54-9A1E7A4F7556}") = "HomeTask_22062023", "TryCatch\HomeTask_22062023.csproj", "{EEA7BD6B-1C5C-443B-98AE-CF2C16343356}"
EndProject
Global
	GlobalSection(SolutionConfigurationPlatforms) = preSolution
		Debug|Any CPU = Debug|Any CPU
		Release|Any CPU = Release|Any CPU
	EndGlobalSection
	GlobalSection(ProjectConfigurationPlatforms) = postSolution
		{EEA7BD6B-1C5C-443B-98AE-CF2C16343356}.Debug|Any CPU.ActiveCfg = Debug|Any CPU
		{EEA7BD6B-1C5C-443B-98AE-CF2C16343356}.Debug|Any CPU.Build.0 = Debug|Any CPU
		{EEA7BD6B-1C5C-443B-98AE-CF2C16343356}.Release|Any CPU.ActiveCfg = Release|Any CPU
		{EEA7BD6B-1C5C-443B-98AE-CF2C16343356}.Release|Any CPU.Build.0 = Release|Any CPU
	EndGlobalSection
	GlobalSection(SolutionProperties) = preSolution
		HideSolutionNode = FALSE
	EndGlobalSection
	GlobalSection(ExtensibilityGlobals) = postSolution
		SolutionGuid = {39A9BCD1-592A-4957-AC99-5CA16EE32FFB}
	EndGlobalSection
EndGlobal
